{
  "version": 4,
  "terraform_version": "1.15.5",
  "serial": 7,
  "lineage": "db6896dc-2c94-5504-fbab-07e560a1f030",
  "outputs": {},
  "resources": [
    {
      "mode": "managed",
      "type": "docker_network",
      "name": "private_network",
      "provider": "provider[\"registry.terraform.io/kreuzwerker/docker\"]",
      "instances": [
        {
          "schema_version": 1,
          "attributes": {
            "attachable": false,
            "check_duplicate": null,
            "driver": "bridge",
            "id": "10c58e173ee720891c908debe4434943fd85623c959d39910b679dab7f9d4591",
            "ingress": false,
            "internal": false,
            "ipam_config": [
              {
                "aux_address": {},
                "gateway": "172.19.0.1",
                "ip_range": "",
                "subnet": "172.19.0.0/16"
              }
            ],
            "ipam_driver": "default",
            "ipam_options": null,
            "ipv6": false,
            "labels": [],
            "name": "divine_network",
            "options": {},
            "scope": "local"
          },
          "sensitive_attributes": [],
          "identity_schema_version": 0,
          "private": "eyJzY2hlbWFfdmVyc2lvbiI6IjEifQ=="
        }
      ]
    },
    {
      "mode": "managed",
      "type": "local_file",
      "name": "config",
      "provider": "provider[\"registry.terraform.io/hashicorp/local\"]",
      "instances": [
        {
          "schema_version": 0,
          "attributes": {
            "content": "scale = 'monumental'\nstatus = 'active_rebuild'",
            "content_base64": null,
            "content_base64sha256": "RhCNbypr513hD9+vAR/+FXLdpyYLN1gKnIxF9SzobhU=",
            "content_base64sha512": "TtxCNd1kB9WlMrU5F9M4KHN90vlXz92qh0Zb6NAf8nNUqN4Vg45dftIzTqnovVSUwKU+YTKmvvf4azOdO0xm4A==",
            "content_md5": "732c944194a27e73b3126910e53917d4",
            "content_sha1": "448d0b6e1ecb0fcfdb51e2f43bec9c86b57ee0ba",
            "content_sha256": "46108d6f2a6be75de10fdfaf011ffe1572dda7260b37580a9c8c45f52ce86e15",
            "content_sha512": "4edc4235dd6407d5a532b53917d33828737dd2f957cfddaa87465be8d01ff27354a8de15838e5d7ed2334ea9e8bd5494c0a53e6132a6bef7f86b339d3b4c66e0",
            "directory_permission": "0777",
            "file_permission": "0777",
            "filename": "project/config.conf",
            "id": "448d0b6e1ecb0fcfdb51e2f43bec9c86b57ee0ba",
            "sensitive_content": null,
            "source": null
          },
          "sensitive_attributes": [
            [
              {
                "type": "get_attr",
                "value": "sensitive_content"
              }
            ]
          ],
          "identity_schema_version": 0
        }
      ]
    },
    {
      "mode": "managed",
      "type": "local_file",
      "name": "my_creation",
      "provider": "provider[\"registry.terraform.io/hashicorp/local\"]",
      "instances": [
        {
          "schema_version": 0,
          "attributes": {
            "content": "я создаю свою первую инфраструктуру!",
            "content_base64": null,
            "content_base64sha256": "Pi4yrm27Y/8SvJ3zawp9WeOi769bZbiewTifsEKYd3A=",
            "content_base64sha512": "nveLig3MnRLlEUdH40PCiG/8LGxWXG+wiA5hcXMw/d7XBpbqttojfsKZr6e0aYBxYuCtNkJ/gkc/Tu7ZRI0AxQ==",
            "content_md5": "ed0f801d42a4817f1402a46ce26c8da1",
            "content_sha1": "cef5b4abd2a685c39058c4029930e346c1c31855",
            "content_sha256": "3e2e32ae6dbb63ff12bc9df36b0a7d59e3a2efaf5b65b89ec1389fb042987770",
            "content_sha512": "9ef78b8a0dcc9d12e5114747e343c2886ffc2c6c565c6fb0880e61717330fdded70696eab6da237ec299afa7b469807162e0ad36427f82473f4eeed9448d00c5",
            "directory_permission": "0777",
            "file_permission": "0777",
            "filename": "my_creation.txt",
            "id": "cef5b4abd2a685c39058c4029930e346c1c31855",
            "sensitive_content": null,
            "source": null
          },
          "sensitive_attributes": [
            [
              {
                "type": "get_attr",
                "value": "sensitive_content"
              }
            ]
          ],
          "identity_schema_version": 0
        }
      ]
    },
    {
      "mode": "managed",
      "type": "local_file",
      "name": "readme",
      "provider": "provider[\"registry.terraform.io/hashicorp/local\"]",
      "instances": [
        {
          "schema_version": 0,
          "attributes": {
            "content": "Архитектура : Статус - вечная стройка, приоритет - идеализация и мощь.",
            "content_base64": null,
            "content_base64sha256": "M6XWcJPX4WHTY3Uk64kcE2yVhhcFrA+emFohnzfQNO4=",
            "content_base64sha512": "dknMB7bm6DT/M4UuBEvvoXS6Fl/usj2ZZ6Wlu6gEuNogV7SzBj1qMQZODW8uQN1Kj1TnaIOZ+xog2DPm06cNgw==",
            "content_md5": "98262ec81cb820e529388987a6e53c90",
            "content_sha1": "fdb70955aa9a0392cb4bd0eaadacbaa6c3977ab7",
            "content_sha256": "33a5d67093d7e161d3637524eb891c136c95861705ac0f9e985a219f37d034ee",
            "content_sha512": "7649cc07b6e6e834ff33852e044befa174ba165feeb23d9967a5a5bba804b8da2057b4b3063d6a31064e0d6f2e40dd4a8f54e7688399fb1a20d833e6d3a70d83",
            "directory_permission": "0777",
            "file_permission": "0777",
            "filename": "project/README.md",
            "id": "fdb70955aa9a0392cb4bd0eaadacbaa6c3977ab7",
            "sensitive_content": null,
            "source": null
          },
          "sensitive_attributes": [
            [
              {
                "type": "get_attr",
                "value": "sensitive_content"
              }
            ]
          ],
          "identity_schema_version": 0
        }
      ]
    }
  ],
  "check_results": null
}
